
Microsoft Visual Studio Solution File, Format Version 12.00
# Visual Studio 15
VisualStudioVersion = 15.0.26403.3
MinimumVisualStudioVersion = 10.0.40219.1
Project("{FAE04EC0-301F-11D3-BF4B-00C04F79EFBC}") = "SqlLiteTest", "ConsoleApp1\SqlLiteTest.csproj", "{15DE4A59-A69D-4A04-9E6C-811F30C14BBD}"
EndProject
Global
	GlobalSection(SolutionConfigurationPlatforms) = preSolution
		Debug|Any CPU = Debug|Any CPU
		Release|Any CPU = Release|Any CPU
	EndGlobalSection
	GlobalSection(ProjectConfigurationPlatforms) = postSolution
		{15DE4A59-A69D-4A04-9E6C-811F30C14BBD}.Debug|Any CPU.ActiveCfg = Debug|Any CPU
		{15DE4A59-A69D-4A04-9E6C-811F30C14BBD}.Debug|Any CPU.Build.0 = Debug|Any CPU
		{15DE4A59-A69D-4A04-9E6C-811F30C14BBD}.Release|Any CPU.ActiveCfg = Release|Any CPU
		{15DE4A59-A69D-4A04-9E6C-811F30C14BBD}.Release|Any CPU.Build.0 = Release|Any CPU
	EndGlobalSection
	GlobalSection(SolutionProperties) = preSolution
		HideSolutionNode = FALSE
	EndGlobalSection
	GlobalSection(ExtensibilityGlobals) = postSolution
		SolutionGuid = {B8419E6E-4736-49A1-A69F-BEA2BD4C97C7}
	EndGlobalSection
EndGlobal
